
Microsoft Visual Studio Solution File, Format Version 12.00
# Visual Studio Version 17
VisualStudioVersion = 17.11.35017.193
MinimumVisualStudioVersion = 10.0.40219.1
Project("{FAE04EC0-301F-11D3-BF4B-00C04F79EFBC}") = "ConsoleApp7", "ConsoleApp7.csproj", "{D08DDD9C-9A75-4B99-9870-DAEA704D8021}"
EndProject
Global
	GlobalSection(SolutionConfigurationPlatforms) = preSolution
		Debug|Any CPU = Debug|Any CPU
		Release|Any CPU = Release|Any CPU
	EndGlobalSection
	GlobalSection(ProjectConfigurationPlatforms) = postSolution
		{D08DDD9C-9A75-4B99-9870-DAEA704D8021}.Debug|Any CPU.ActiveCfg = Debug|Any CPU
		{D08DDD9C-9A75-4B99-9870-DAEA704D8021}.Debug|Any CPU.Build.0 = Debug|Any CPU
		{D08DDD9C-9A75-4B99-9870-DAEA704D8021}.Release|Any CPU.ActiveCfg = Release|Any CPU
		{D08DDD9C-9A75-4B99-9870-DAEA704D8021}.Release|Any CPU.Build.0 = Release|Any CPU
	EndGlobalSection
	GlobalSection(SolutionProperties) = preSolution
		HideSolutionNode = FALSE
	EndGlobalSection
	GlobalSection(ExtensibilityGlobals) = postSolution
		SolutionGuid = {7DDB7BA9-C122-413C-B9E9-AB5374F7E846}
	EndGlobalSection
EndGlobal
